version: 2.0
shards:
  ameba:
    git: https://github.com/crystal-ameba/ameba.git
    version: 0.12.1

  halite:
    git: https://github.com/icyleaf/halite.git
    version: 0.10.5+git.commit.ba22d2aa96bbb99702145839df8be516b4ceca90

  popcorn:
    git: https://github.com/icyleaf/popcorn.git
    version: 0.2.2

  sam:
    git: https://github.com/vulk/sam.cr.git
    version: 0.4.0+git.commit.c243db28c0825838c1851d75aaf9273460720625

  totem:
    git: https://github.com/icyleaf/totem.git
    version: 0.6.0

