version: 2.0
shards:
  ameba:
    git: https://github.com/crystal-ameba/ameba.git
    version: 0.14.3

  commander:
    git: https://github.com/mrrooijen/commander.git
    version: 0.4.0

  crinja:
    git: https://github.com/straight-shoota/crinja.git
    version: 0.7.0

  halite:
    git: https://github.com/icyleaf/halite.git
    version: 0.12.0

  icr:
    git: https://github.com/hashnuke/icr.git
    version: 0.8.0+git.commit.2254b56e1226de5a188892fe7eae3b27bdd53488

  popcorn:
    git: https://github.com/icyleaf/popcorn.git
    version: 0.3.0

  readline:
    git: https://github.com/hashnuke/crystal-readline.git
    version: 0.1.0+git.commit.f32122f843ecd06e4c6ced3d6922167f82d48dfc

  retriable:
    git: https://github.com/sija/retriable.cr.git
    version: 0.2.4

  sam:
    git: https://github.com/hashnuke/sam.cr.git
    version: 0.4.0+git.commit.864b594442a2988de645471a26bd410b67223d24

  totem:
    git: https://github.com/icyleaf/totem.git
    version: 0.7.0

