version: 2.0
shards:
  airgap:
    path: utils/airgap
    version: 0.1.0

  ameba:
    git: https://github.com/crystal-ameba/ameba.git
    version: 0.14.3

  commander:
    git: https://github.com/mrrooijen/commander.git
    version: 0.4.0

  crinja:
    git: https://github.com/straight-shoota/crinja.git
    version: 0.7.0

  docker_client:
    path: utils/docker_client
    version: 0.1.0

  find:
    path: utils/find
    version: 0.1.0

  halite:
    git: https://github.com/icyleaf/halite.git
    version: 0.12.0

  helm:
    path: utils/helm
    version: 0.1.0

  icr:
    git: https://github.com/crystal-community/icr.git
    version: 0.8.0+git.commit.0537fc21636fc1de467fa7108d80387eeba06893

  kubectl_client:
    path: utils/kubectl_client
    version: 0.1.0

  popcorn:
    git: https://github.com/icyleaf/popcorn.git
    version: 0.3.0

  readline:
    git: https://github.com/crystal-lang/crystal-readline.git
    version: 0.1.1+git.commit.27a06e3b2a7bdb8e2d97252420eb8829be976e5b

  retriable:
    git: https://github.com/sija/retriable.cr.git
    version: 0.2.4

  sam:
    git: https://github.com/vulk/sam.cr.git
    version: 0.4.0+git.commit.4e3b271d31d7fd3c3ca2b0c1ff4943b86dc27021

  tar:
    path: utils/tar
    version: 0.1.0

  totem:
    git: https://github.com/icyleaf/totem.git
    version: 0.7.0

