dependencies:
- name: cassandra
  repository: https://charts.helm.sh/incubator
  version: 0.15.3
- name: elasticsearch
  repository: https://helm.elastic.co
  version: 7.15.0
- name: kafka
  repository: https://charts.bitnami.com/bitnami
  version: 12.20.0
- name: common
  repository: https://charts.bitnami.com/bitnami
  version: 1.8.0
digest: sha256:eeed2166ecfe2173a9db10819f425740b88ea4c6609a6eef532a00fa732ea1fb
generated: "2021-11-18T13:26:08.047858352Z"
