dependencies:
- name: common
  repository: https://charts.bitnami.com/bitnami
  version: 1.17.1
- name: mongodb
  repository: https://charts.bitnami.com/bitnami
  version: 12.1.31
- name: open5gs-amf
  repository: file://../open5gs-amf
  version: 2.0.12
- name: open5gs-ausf
  repository: file://../open5gs-ausf
  version: 2.0.6
- name: open5gs-bsf
  repository: file://../open5gs-bsf
  version: 2.0.6
- name: open5gs-hss
  repository: file://../open5gs-hss
  version: 2.0.4
- name: open5gs-mme
  repository: file://../open5gs-mme
  version: 2.0.5
- name: open5gs-nrf
  repository: file://../open5gs-nrf
  version: 2.0.4
- name: open5gs-nssf
  repository: file://../open5gs-nssf
  version: 2.0.6
- name: open5gs-pcf
  repository: file://../open5gs-pcf
  version: 2.0.6
- name: open5gs-pcrf
  repository: file://../open5gs-pcrf
  version: 2.0.4
- name: open5gs-sgwc
  repository: file://../open5gs-sgwc
  version: 2.0.4
- name: open5gs-sgwu
  repository: file://../open5gs-sgwu
  version: 2.0.6
- name: open5gs-smf
  repository: file://../open5gs-smf
  version: 2.0.9
- name: open5gs-udm
  repository: file://../open5gs-udm
  version: 2.0.6
- name: open5gs-udr
  repository: file://../open5gs-udr
  version: 2.0.6
- name: open5gs-upf
  repository: file://../open5gs-upf
  version: 2.0.7
- name: open5gs-webui
  repository: file://../open5gs-webui
  version: 2.0.3
digest: sha256:3d382af90f9faec0aef33f99a2e68555684a346348771e7fcbf805637f76721e
generated: "2023-04-10T14:31:08.84034525Z"
